{
  "version": "4",
  "specifiers": {
    "jsr:@hono/hono@*": "4.6.4",
    "npm:zod@*": "3.23.8"
  },
  "jsr": {
    "@hono/hono@4.6.4": {
      "integrity": "9bbd937653ab902405af33743561140f8883d27dc730eb9ceac665e2468c8bf6"
    }
  },
  "npm": {
    "zod@3.23.8": {
      "integrity": "sha512-XBx9AXhXktjUqnepgTiE5flcKIYWi/rme0Eaj+5Y0lftuGBq+jyRu/md4WnuxqgP1ubdpNCsYEYPxrzVHD8d6g=="
    }
  },
  "workspace": {
    "members": {
      "apps/server": {
        "dependencies": [
          "jsr:@hono/hono@*"
        ]
      }
    }
  }
}
